// !$*UTF8*$!
{
	archiveVersion = 1;
	classes = {
	};
	objectVersion = 77;
	objects = {

/* Begin PBXBuildFile section */
		0729414753A53850AB7E656C /* QRScannerView.swift in Sources */ = {isa = PBXBuildFile; fileRef = 60150BE0AF8CE3D99DB3C94E /* QRScannerView.swift */; };
		0A921E664BEFF0AABDAE9454 /* ActionSoundSessionEngine.swift in Sources */ = {isa = PBXBuildFile; fileRef = FCEF7290519C860F7514159C /* ActionSoundSessionEngine.swift */; };
		0C98B4762748F5324E697914 /* SelfReferralClinicCatalog.swift in Sources */ = {isa = PBXBuildFile; fileRef = 7BB1D18AC057BB6BCF9BEF4D /* SelfReferralClinicCatalog.swift */; };
		0F79B172FFCD6FB1AE1FAD6B /* VoiceNoteComposerSheet.swift in Sources */ = {isa = PBXBuildFile; fileRef = 6FE6812C85D970222820AD6E /* VoiceNoteComposerSheet.swift */; };
		11E91E4BE1C61D9D5807B161 /* VoiceNotePlayer.swift in Sources */ = {isa = PBXBuildFile; fileRef = 2E9B4EE3B86605F32741172D /* VoiceNotePlayer.swift */; };
		1221031EA0219A3FA8B2A6B5 /* Assets.xcassets in Resources */ = {isa = PBXBuildFile; fileRef = E267FFE9F575611F8CA1964E /* Assets.xcassets */; };
		14615AA1C2F9F832CF337DD8 /* ChatThreadStore.swift in Sources */ = {isa = PBXBuildFile; fileRef = BEDD79CD3F1023AEE60EFD1C /* ChatThreadStore.swift */; };
		1A4FD6BA76079E193919115E /* ColorExtension.swift in Sources */ = {isa = PBXBuildFile; fileRef = B507DC2490C495A0990D7AA6 /* ColorExtension.swift */; };
		1AE8EE2BF8A9B6751CBFB21E /* ChatBubbleView.swift in Sources */ = {isa = PBXBuildFile; fileRef = 66EE9E2EC4164E702159408C /* ChatBubbleView.swift */; };
		1B5C8F81585AC3EBE6A931C8 /* FileShareViews.swift in Sources */ = {isa = PBXBuildFile; fileRef = 2ED4BE5CB76FCA26A278E762 /* FileShareViews.swift */; };
		1FD98DC080579097543C0268 /* ContentView.swift in Sources */ = {isa = PBXBuildFile; fileRef = 340E673CE7624A453E343715 /* ContentView.swift */; };
		2393589910298083AE0E1802 /* ConversationListSheet.swift in Sources */ = {isa = PBXBuildFile; fileRef = 1747584B59A65BEDE4A45CCD /* ConversationListSheet.swift */; };
		249025EB0CF80922B535973B /* SelfReferralClinicSheet.swift in Sources */ = {isa = PBXBuildFile; fileRef = F69371C2EFD97FBA6D9E4176 /* SelfReferralClinicSheet.swift */; };
		24A4D2946B8C9E8C527A8437 /* CareSuggestion.swift in Sources */ = {isa = PBXBuildFile; fileRef = 1D2235C2F4DCCC22A5119DAD /* CareSuggestion.swift */; };
		2674A9D3ACC4CD9FB87828E7 /* OnboardingView.swift in Sources */ = {isa = PBXBuildFile; fileRef = EB1B2FB926C253E2C0C6EEC1 /* OnboardingView.swift */; };
		2DCC2FCEA199132399686983 /* ToolDefinition.swift in Sources */ = {isa = PBXBuildFile; fileRef = 852E21C0DB4109191EEFD187 /* ToolDefinition.swift */; };
		3E2D05F86A0E4E06282AFD27 /* SystemPromptEvalTests.swift in Sources */ = {isa = PBXBuildFile; fileRef = 53B5224AC43701680F835B69 /* SystemPromptEvalTests.swift */; };
		3FF23216CD5FDD5C7639C22E /* ChatViewModel.swift in Sources */ = {isa = PBXBuildFile; fileRef = C2420C4DEBEEE4DA345D5DBC /* ChatViewModel.swift */; };
		3FF47E8B50B02EE8841909DF /* HealthKitService.swift in Sources */ = {isa = PBXBuildFile; fileRef = 8150635BB2A535271C6E9DF6 /* HealthKitService.swift */; };
		442F40C9C5ABFE2D7FBE514A /* HuggingFace in Frameworks */ = {isa = PBXBuildFile; productRef = ADA19A73E5F4591556183B40 /* HuggingFace */; };
		468C6D68209A69E16056FC91 /* ToolRegistry.swift in Sources */ = {isa = PBXBuildFile; fileRef = 7533EFA7AB708D1A74C75160 /* ToolRegistry.swift */; };
		47D5D30C92775FECA4ED1E25 /* HealthAction.swift in Sources */ = {isa = PBXBuildFile; fileRef = B53967D56CF2AFBD216E1586 /* HealthAction.swift */; };
		4BB23ECD3576FECFE19B1374 /* ProfileStore.swift in Sources */ = {isa = PBXBuildFile; fileRef = B33B9625F99E6780A6CC9B21 /* ProfileStore.swift */; };
		4E43A61C4051ED03205A578E /* LLMService.swift in Sources */ = {isa = PBXBuildFile; fileRef = D9BAE5A1EF5CFDF5848BFE3E /* LLMService.swift */; };
		4F489AF663309610DD135379 /* HealthKitToEirConverter.swift in Sources */ = {isa = PBXBuildFile; fileRef = 0EE8893CD2539AA24E8E0F0A /* HealthKitToEirConverter.swift */; };
		5BB9A1AA0662BAADD8318593 /* sample-data.yaml in Resources */ = {isa = PBXBuildFile; fileRef = D52095FCCD63578C3345DDEE /* sample-data.yaml */; };
		5CB07E8267AE64D1869CB9EF /* StateActionLearningEngine.swift in Sources */ = {isa = PBXBuildFile; fileRef = 30379ADF3F1C36729F598DA8 /* StateActionLearningEngine.swift */; };
		5D0B33E61917258631F387F9 /* LocalModelManager.swift in Sources */ = {isa = PBXBuildFile; fileRef = 78FD527F24390E7AC05D10D1 /* LocalModelManager.swift */; };
		5E5C4EF38D35826A7A73C240 /* ActionsViewModel.swift in Sources */ = {isa = PBXBuildFile; fileRef = 54CBD79C71E9D27B6CC075B5 /* ActionsViewModel.swift */; };
		61894AFDA01B8EB911E173B8 /* Yams in Frameworks */ = {isa = PBXBuildFile; productRef = BBA73EAFCA7F8D248F80F1C0 /* Yams */; };
		626524B46041F197D22A4FC4 /* WelcomeView.swift in Sources */ = {isa = PBXBuildFile; fileRef = C4E40A4EAAF54FB04C1B750D /* WelcomeView.swift */; };
		643F5195244E6ED2119F2079 /* EirDocument.swift in Sources */ = {isa = PBXBuildFile; fileRef = 8434B44AEFD4017D0F72594F /* EirDocument.swift */; };
		694DDE62F042C5C273B391D6 /* LLMProvider.swift in Sources */ = {isa = PBXBuildFile; fileRef = C19D96044A03BA979D89DCD8 /* LLMProvider.swift */; };
		69B1E8CECA7ABE10058AEF5C /* self-referral-clinics-sweden.json in Resources */ = {isa = PBXBuildFile; fileRef = 859B60323E11A5E910BF961A /* self-referral-clinics-sweden.json */; };
		6A68ECEDDDD1BF98820A64B1 /* MLXHuggingFace in Frameworks */ = {isa = PBXBuildFile; productRef = E01FA90F6D6615BAA47E2B61 /* MLXHuggingFace */; };
		6CA3F6F906A6F95E7A3C2FD2 /* LocalLLMService.swift in Sources */ = {isa = PBXBuildFile; fileRef = BB360D1D5BBF139F5A3AA997 /* LocalLLMService.swift */; };
		6DEA0CFA214C00DD21CE0047 /* Yams in Frameworks */ = {isa = PBXBuildFile; productRef = 9392CA25F8B28A447679F331 /* Yams */; };
		6F2963E5566D72046E6C9E8C /* HealthKit.framework in Frameworks */ = {isa = PBXBuildFile; fileRef = 50DB1027E7C1FA9DD4B4165A /* HealthKit.framework */; };
		6F746D788D7651899065FACA /* HealthKitImportViewModel.swift in Sources */ = {isa = PBXBuildFile; fileRef = 68173D5B1D09C80059F229F7 /* HealthKitImportViewModel.swift */; };
		6F9BCD153DA2D1924FB48108 /* health-assessments.yaml in Resources */ = {isa = PBXBuildFile; fileRef = 59721252F48174ED5E8AA17E /* health-assessments.yaml */; };
		722550FD89EE4EB0B6FA8A28 /* JournalView.swift in Sources */ = {isa = PBXBuildFile; fileRef = B998537AC99341CF1C2D0D19 /* JournalView.swift */; };
		741F09AF3A22F20C773C903E /* VoiceNoteRecorder.swift in Sources */ = {isa = PBXBuildFile; fileRef = 289D41DC298A152E56FD349A /* VoiceNoteRecorder.swift */; };
		75259EE3D558E83F7D83C6DC /* VoiceNoteTranscriptionService.swift in Sources */ = {isa = PBXBuildFile; fileRef = EE50C9BE181F2E693BE17FF0 /* VoiceNoteTranscriptionService.swift */; };
		79495FD4216EE0E46C0E58AF /* AgentDefaults.swift in Sources */ = {isa = PBXBuildFile; fileRef = 30F85BD291BABC62454B4DBB /* AgentDefaults.swift */; };
		7A4FDC33ADB27985B8A2E140 /* AssessmentsView.swift in Sources */ = {isa = PBXBuildFile; fileRef = 6179EFCCF40417D9B852E30D /* AssessmentsView.swift */; };
		7A59F88B2E5C9A76C5C11264 /* SelfReferralClinicMatcher.swift in Sources */ = {isa = PBXBuildFile; fileRef = 61A06AED6D22705FE8E8B891 /* SelfReferralClinicMatcher.swift */; };
		7D4EA8DB5B988BF2795556B8 /* EntryCardView.swift in Sources */ = {isa = PBXBuildFile; fileRef = 8ACFF29B2C5132B668726FEC /* EntryCardView.swift */; };
		7E039A51B266CD38D090D288 /* MLXLMCommon in Frameworks */ = {isa = PBXBuildFile; productRef = F5EEA1ADC15ECA536512B4B7 /* MLXLMCommon */; };
		7E53316301704163DB0E6782 /* VoiceTranscriptionCoordinator.swift in Sources */ = {isa = PBXBuildFile; fileRef = BF6490E8AFF5A86033ABE9B3 /* VoiceTranscriptionCoordinator.swift */; };
		817748AA612340524A3117FE /* FindCareView.swift in Sources */ = {isa = PBXBuildFile; fileRef = AF55DA44EE3743AC4DB87DED /* FindCareView.swift */; };
		82119577800F83BC85E9457E /* NextBestHealthActionViewModel.swift in Sources */ = {isa = PBXBuildFile; fileRef = 76D14D4702966D448A8CA8BE /* NextBestHealthActionViewModel.swift */; };
		85B604502C498F68DA68BAD7 /* ChatMessage.swift in Sources */ = {isa = PBXBuildFile; fileRef = 06A7171AB56F25BA404CA5AB /* ChatMessage.swift */; };
		896A8BD57D607DEAA95FCE55 /* ForYouCardGenerator.swift in Sources */ = {isa = PBXBuildFile; fileRef = 1506D53FEF543C5971628144 /* ForYouCardGenerator.swift */; };
		8E48EB72F2725CB769F4B39F /* Tokenizers in Frameworks */ = {isa = PBXBuildFile; productRef = 7022EFB9AAF98BDEEDBBF706 /* Tokenizers */; };
		913B76B784FD4CB55B6385C4 /* QRTransferFlowTests.swift in Sources */ = {isa = PBXBuildFile; fileRef = 6FBB538AFDEEB8FD799CEF6A /* QRTransferFlowTests.swift */; };
		957EA466B04F1EAFCF3DB1E5 /* ActionVoiceLabView.swift in Sources */ = {isa = PBXBuildFile; fileRef = A9E18FF2BCF455C0A49B038B /* ActionVoiceLabView.swift */; };
		A596E9A9FD380B1BA68FE2E4 /* DocumentViewModel.swift in Sources */ = {isa = PBXBuildFile; fileRef = F6A9F93311267A69E0084BD6 /* DocumentViewModel.swift */; };
		A5C90FF6130BCADCE0F364FB /* SettingsView.swift in Sources */ = {isa = PBXBuildFile; fileRef = 4A2B5A2EB7786BFABF5D0B05 /* SettingsView.swift */; };
		A7A9AEED063D717DA279760F /* ActionVoiceTrainingService.swift in Sources */ = {isa = PBXBuildFile; fileRef = DA43867A7EA5302BF2DFD82E /* ActionVoiceTrainingService.swift */; };
		A8DF34CBEA259B33B5D5C236 /* SelfReferralClinic.swift in Sources */ = {isa = PBXBuildFile; fileRef = 0EEF9FA0F2C843319C2D3F52 /* SelfReferralClinic.swift */; };
		ADD0986EC7DAC34E846FE7DB /* HealthActionScheduler.swift in Sources */ = {isa = PBXBuildFile; fileRef = D5F8FE8E9C075F8448EE3869 /* HealthActionScheduler.swift */; };
		B12F24DE6232CED1EEAFF0C7 /* HealthDataExtractor.swift in Sources */ = {isa = PBXBuildFile; fileRef = A8BDAF9E392CFDC5898D1AA7 /* HealthDataExtractor.swift */; };
		B1BF7912C6D4709B03E6D203 /* MLX in Frameworks */ = {isa = PBXBuildFile; productRef = 034BC3C922F5543C5E63B4C6 /* MLX */; };
		B4117C40077D7E12E35BA93D /* AgentConfigCard.swift in Sources */ = {isa = PBXBuildFile; fileRef = CCED288BFC7AEA4BC087A84E /* AgentConfigCard.swift */; };
		B647EFAE5C04335E4FA218B3 /* ChatView.swift in Sources */ = {isa = PBXBuildFile; fileRef = 14BAAC14014C60D244FFD006 /* ChatView.swift */; };
		B9AF4343469CC22C7DDD233A /* ChatThread.swift in Sources */ = {isa = PBXBuildFile; fileRef = AE5CCD5E136F8474222C4DC6 /* ChatThread.swift */; };
		BFDDBE2A9C9EBDCA99D4FE42 /* PersonRow.swift in Sources */ = {isa = PBXBuildFile; fileRef = 119A697A765510A595D89472 /* PersonRow.swift */; };
		C0E4A3FFCEB5DE03B98BAA34 /* HealthDataBrowserView.swift in Sources */ = {isa = PBXBuildFile; fileRef = 8DE0A79A4CA679B89535E7FB /* HealthDataBrowserView.swift */; };
		C4C9B9DE4F960FB63B8940A8 /* RecoveryActionOutcome.swift in Sources */ = {isa = PBXBuildFile; fileRef = DBAA95C2440DA6A917C26CB5 /* RecoveryActionOutcome.swift */; };
		CA1DD31769DC693D62E28C34 /* SelfReferralClinicStore.swift in Sources */ = {isa = PBXBuildFile; fileRef = 0AD13C19109D4F1D1F11EC1C /* SelfReferralClinicStore.swift */; };
		CC1B91744F3AD79993D57044 /* CategoryBadge.swift in Sources */ = {isa = PBXBuildFile; fileRef = 0BB40951059FDE72D983CFB3 /* CategoryBadge.swift */; };
		CDBAA28BDE6379C2029DDFB8 /* PersonProfile.swift in Sources */ = {isa = PBXBuildFile; fileRef = D2F4115FBB641F7CF33A000B /* PersonProfile.swift */; };
		D50F1EAFB087BAD39799BB27 /* MLXLLM in Frameworks */ = {isa = PBXBuildFile; productRef = C87CDCC4773E86F931FCFE2A /* MLXLLM */; };
		D5DB5FBC04E93591FB6EFC41 /* Speech.framework in Frameworks */ = {isa = PBXBuildFile; fileRef = F6AA80107E445F21C5E14336 /* Speech.framework */; };
		D798E5C3A18ED55C592F4672 /* AgentMemoryStore.swift in Sources */ = {isa = PBXBuildFile; fileRef = B46E484C23AF332B0D081CEF /* AgentMemoryStore.swift */; };
		DE5D9699E48C9139BD211C6B /* EntryDetailView.swift in Sources */ = {isa = PBXBuildFile; fileRef = D52174202074B6F98FF6185A /* EntryDetailView.swift */; };
		DF9EB9E13118F54F4B2D3615 /* EncryptedStore.swift in Sources */ = {isa = PBXBuildFile; fileRef = 0642B699BCEB214F64366D9D /* EncryptedStore.swift */; };
		E191DB777526A5AF21AB8FAA /* PromptVersion.swift in Sources */ = {isa = PBXBuildFile; fileRef = 9F90FD37A1F5782007EF4989 /* PromptVersion.swift */; };
		E305D7EA53AAECBF466A9B84 /* ForYouCard.swift in Sources */ = {isa = PBXBuildFile; fileRef = 2A674C7371CB370B78831BBC /* ForYouCard.swift */; };
		E43DFADD4055A186F02FE741 /* KeychainService.swift in Sources */ = {isa = PBXBuildFile; fileRef = 72F39BB86C578A67730DA2E3 /* KeychainService.swift */; };
		E451DD80A66291F6C64F9625 /* ActionsView.swift in Sources */ = {isa = PBXBuildFile; fileRef = 989386C8D86030A8B539D143 /* ActionsView.swift */; };
		E64000690918BE4CB3D434B1 /* EirParser.swift in Sources */ = {isa = PBXBuildFile; fileRef = DDDD9A98A16DE81625130468 /* EirParser.swift */; };
		E6FBDEA1859A3A382DC39B48 /* VoiceNoteAttachment.swift in Sources */ = {isa = PBXBuildFile; fileRef = EE3BFCA4C74FC9139915A4ED /* VoiceNoteAttachment.swift */; };
		ECB4318B162C32AE0D5516C9 /* EirViewerApp.swift in Sources */ = {isa = PBXBuildFile; fileRef = D6B22A40C8A839BEEED37CD1 /* EirViewerApp.swift */; };
		EFFC959FC5D20D13266AC9C4 /* HealthKitImportView.swift in Sources */ = {isa = PBXBuildFile; fileRef = 9648C3396E95DF705A8F727E /* HealthKitImportView.swift */; };
		F10040CD48102747C6205BFC /* SystemPrompt.swift in Sources */ = {isa = PBXBuildFile; fileRef = E46EF1E5504BFF059ECF64CC /* SystemPrompt.swift */; };
		F202DCA58446BE68487F7D7C /* AddPersonSheet.swift in Sources */ = {isa = PBXBuildFile; fileRef = B1CA8FE68F0C0F09A232BE32 /* AddPersonSheet.swift */; };
		F250CC154605EF13A465A0EC /* ForYouViewModel.swift in Sources */ = {isa = PBXBuildFile; fileRef = 87961881B4A1E3B1327AD44D /* ForYouViewModel.swift */; };
		F3024E6E4DDE49DDE6E4D6E9 /* SettingsViewModel.swift in Sources */ = {isa = PBXBuildFile; fileRef = B8096E2A11C754D7BDA358B4 /* SettingsViewModel.swift */; };
		F7CB4449387C4830A142EEA6 /* LocalTransferService.swift in Sources */ = {isa = PBXBuildFile; fileRef = E57B4022FB6A2DCEE81DD32E /* LocalTransferService.swift */; };
		F8578FD98BF8E9834F5C11B9 /* StateCheckInView.swift in Sources */ = {isa = PBXBuildFile; fileRef = 717B9133FB8214A39A67219B /* StateCheckInView.swift */; };
		FAAF03C135FA6196A229F224 /* AgentMemory.swift in Sources */ = {isa = PBXBuildFile; fileRef = 8A67A5A760AEC759E2D04BE2 /* AgentMemory.swift */; };
		FD138F81380B7E80878F2622 /* HealthActionGenerator.swift in Sources */ = {isa = PBXBuildFile; fileRef = B836B5D91462233049438F30 /* HealthActionGenerator.swift */; };
		FE8B61C82F8D58EBB7A6D702 /* JournalEntryLink.swift in Sources */ = {isa = PBXBuildFile; fileRef = 3FB3F018C828B97817906708 /* JournalEntryLink.swift */; };
		FFD55003553E8EA8D29DC0A0 /* AppleSpeechTranscriptionService.swift in Sources */ = {isa = PBXBuildFile; fileRef = 19396AF3111F422DB55B2DB8 /* AppleSpeechTranscriptionService.swift */; };
/* End PBXBuildFile section */

/* Begin PBXContainerItemProxy section */
		63FCFE480EA49240F656BEB5 /* PBXContainerItemProxy */ = {
			isa = PBXContainerItemProxy;
			containerPortal = DD9B46116A4C7320217C8985 /* Project object */;
			proxyType = 1;
			remoteGlobalIDString = 0B5E9F64F26624E9BDB8B5A1;
			remoteInfo = EirViewer;
		};
/* End PBXContainerItemProxy section */

/* Begin PBXFileReference section */
		0642B699BCEB214F64366D9D /* EncryptedStore.swift */ = {isa = PBXFileReference; lastKnownFileType = sourcecode.swift; path = EncryptedStore.swift; sourceTree = "<group>"; };
		06A7171AB56F25BA404CA5AB /* ChatMessage.swift */ = {isa = PBXFileReference; lastKnownFileType = sourcecode.swift; path = ChatMessage.swift; sourceTree = "<group>"; };
		0AD13C19109D4F1D1F11EC1C /* SelfReferralClinicStore.swift */ = {isa = PBXFileReference; lastKnownFileType = sourcecode.swift; path = SelfReferralClinicStore.swift; sourceTree = "<group>"; };
		0BB40951059FDE72D983CFB3 /* CategoryBadge.swift */ = {isa = PBXFileReference; lastKnownFileType = sourcecode.swift; path = CategoryBadge.swift; sourceTree = "<group>"; };
		0EE8893CD2539AA24E8E0F0A /* HealthKitToEirConverter.swift */ = {isa = PBXFileReference; lastKnownFileType = sourcecode.swift; path = HealthKitToEirConverter.swift; sourceTree = "<group>"; };
		0EEF9FA0F2C843319C2D3F52 /* SelfReferralClinic.swift */ = {isa = PBXFileReference; lastKnownFileType = sourcecode.swift; path = SelfReferralClinic.swift; sourceTree = "<group>"; };
		119A697A765510A595D89472 /* PersonRow.swift */ = {isa = PBXFileReference; lastKnownFileType = sourcecode.swift; path = PersonRow.swift; sourceTree = "<group>"; };
		14BAAC14014C60D244FFD006 /* ChatView.swift */ = {isa = PBXFileReference; lastKnownFileType = sourcecode.swift; path = ChatView.swift; sourceTree = "<group>"; };
		1506D53FEF543C5971628144 /* ForYouCardGenerator.swift */ = {isa = PBXFileReference; lastKnownFileType = sourcecode.swift; path = ForYouCardGenerator.swift; sourceTree = "<group>"; };
		1747584B59A65BEDE4A45CCD /* ConversationListSheet.swift */ = {isa = PBXFileReference; lastKnownFileType = sourcecode.swift; path = ConversationListSheet.swift; sourceTree = "<group>"; };
		19396AF3111F422DB55B2DB8 /* AppleSpeechTranscriptionService.swift */ = {isa = PBXFileReference; lastKnownFileType = sourcecode.swift; path = AppleSpeechTranscriptionService.swift; sourceTree = "<group>"; };
		1D2235C2F4DCCC22A5119DAD /* CareSuggestion.swift */ = {isa = PBXFileReference; lastKnownFileType = sourcecode.swift; path = CareSuggestion.swift; sourceTree = "<group>"; };
		289D41DC298A152E56FD349A /* VoiceNoteRecorder.swift */ = {isa = PBXFileReference; lastKnownFileType = sourcecode.swift; path = VoiceNoteRecorder.swift; sourceTree = "<group>"; };
		2A674C7371CB370B78831BBC /* ForYouCard.swift */ = {isa = PBXFileReference; lastKnownFileType = sourcecode.swift; path = ForYouCard.swift; sourceTree = "<group>"; };
		2E9B4EE3B86605F32741172D /* VoiceNotePlayer.swift */ = {isa = PBXFileReference; lastKnownFileType = sourcecode.swift; path = VoiceNotePlayer.swift; sourceTree = "<group>"; };
		2ED4BE5CB76FCA26A278E762 /* FileShareViews.swift */ = {isa = PBXFileReference; lastKnownFileType = sourcecode.swift; path = FileShareViews.swift; sourceTree = "<group>"; };
		30379ADF3F1C36729F598DA8 /* StateActionLearningEngine.swift */ = {isa = PBXFileReference; lastKnownFileType = sourcecode.swift; path = StateActionLearningEngine.swift; sourceTree = "<group>"; };
		30F85BD291BABC62454B4DBB /* AgentDefaults.swift */ = {isa = PBXFileReference; lastKnownFileType = sourcecode.swift; path = AgentDefaults.swift; sourceTree = "<group>"; };
		340E673CE7624A453E343715 /* ContentView.swift */ = {isa = PBXFileReference; lastKnownFileType = sourcecode.swift; path = ContentView.swift; sourceTree = "<group>"; };
		3CC134672B103B1CAD5367E6 /* EirViewerTests.xctest */ = {isa = PBXFileReference; includeInIndex = 0; lastKnownFileType = wrapper.cfbundle; path = EirViewerTests.xctest; sourceTree = BUILT_PRODUCTS_DIR; };
		3FB3F018C828B97817906708 /* JournalEntryLink.swift */ = {isa = PBXFileReference; lastKnownFileType = sourcecode.swift; path = JournalEntryLink.swift; sourceTree = "<group>"; };
		4A2B5A2EB7786BFABF5D0B05 /* SettingsView.swift */ = {isa = PBXFileReference; lastKnownFileType = sourcecode.swift; path = SettingsView.swift; sourceTree = "<group>"; };
		50DB1027E7C1FA9DD4B4165A /* HealthKit.framework */ = {isa = PBXFileReference; lastKnownFileType = wrapper.framework; name = HealthKit.framework; path = System/Library/Frameworks/HealthKit.framework; sourceTree = SDKROOT; };
		53B5224AC43701680F835B69 /* SystemPromptEvalTests.swift */ = {isa = PBXFileReference; lastKnownFileType = sourcecode.swift; path = SystemPromptEvalTests.swift; sourceTree = "<group>"; };
		54CBD79C71E9D27B6CC075B5 /* ActionsViewModel.swift */ = {isa = PBXFileReference; lastKnownFileType = sourcecode.swift; path = ActionsViewModel.swift; sourceTree = "<group>"; };
		59721252F48174ED5E8AA17E /* health-assessments.yaml */ = {isa = PBXFileReference; lastKnownFileType = text.yaml; path = "health-assessments.yaml"; sourceTree = "<group>"; };
		60150BE0AF8CE3D99DB3C94E /* QRScannerView.swift */ = {isa = PBXFileReference; lastKnownFileType = sourcecode.swift; path = QRScannerView.swift; sourceTree = "<group>"; };
		6179EFCCF40417D9B852E30D /* AssessmentsView.swift */ = {isa = PBXFileReference; lastKnownFileType = sourcecode.swift; path = AssessmentsView.swift; sourceTree = "<group>"; };
		61A06AED6D22705FE8E8B891 /* SelfReferralClinicMatcher.swift */ = {isa = PBXFileReference; lastKnownFileType = sourcecode.swift; path = SelfReferralClinicMatcher.swift; sourceTree = "<group>"; };
		66EE9E2EC4164E702159408C /* ChatBubbleView.swift */ = {isa = PBXFileReference; lastKnownFileType = sourcecode.swift; path = ChatBubbleView.swift; sourceTree = "<group>"; };
		68173D5B1D09C80059F229F7 /* HealthKitImportViewModel.swift */ = {isa = PBXFileReference; lastKnownFileType = sourcecode.swift; path = HealthKitImportViewModel.swift; sourceTree = "<group>"; };
		6FBB538AFDEEB8FD799CEF6A /* QRTransferFlowTests.swift */ = {isa = PBXFileReference; lastKnownFileType = sourcecode.swift; path = QRTransferFlowTests.swift; sourceTree = "<group>"; };
		6FE6812C85D970222820AD6E /* VoiceNoteComposerSheet.swift */ = {isa = PBXFileReference; lastKnownFileType = sourcecode.swift; path = VoiceNoteComposerSheet.swift; sourceTree = "<group>"; };
		717B9133FB8214A39A67219B /* StateCheckInView.swift */ = {isa = PBXFileReference; lastKnownFileType = sourcecode.swift; path = StateCheckInView.swift; sourceTree = "<group>"; };
		72F39BB86C578A67730DA2E3 /* KeychainService.swift */ = {isa = PBXFileReference; lastKnownFileType = sourcecode.swift; path = KeychainService.swift; sourceTree = "<group>"; };
		7533EFA7AB708D1A74C75160 /* ToolRegistry.swift */ = {isa = PBXFileReference; lastKnownFileType = sourcecode.swift; path = ToolRegistry.swift; sourceTree = "<group>"; };
		76D14D4702966D448A8CA8BE /* NextBestHealthActionViewModel.swift */ = {isa = PBXFileReference; lastKnownFileType = sourcecode.swift; path = NextBestHealthActionViewModel.swift; sourceTree = "<group>"; };
		78FD527F24390E7AC05D10D1 /* LocalModelManager.swift */ = {isa = PBXFileReference; lastKnownFileType = sourcecode.swift; path = LocalModelManager.swift; sourceTree = "<group>"; };
		7BB1D18AC057BB6BCF9BEF4D /* SelfReferralClinicCatalog.swift */ = {isa = PBXFileReference; lastKnownFileType = sourcecode.swift; path = SelfReferralClinicCatalog.swift; sourceTree = "<group>"; };
		8150635BB2A535271C6E9DF6 /* HealthKitService.swift */ = {isa = PBXFileReference; lastKnownFileType = sourcecode.swift; path = HealthKitService.swift; sourceTree = "<group>"; };
		8434B44AEFD4017D0F72594F /* EirDocument.swift */ = {isa = PBXFileReference; lastKnownFileType = sourcecode.swift; path = EirDocument.swift; sourceTree = "<group>"; };
		852E21C0DB4109191EEFD187 /* ToolDefinition.swift */ = {isa = PBXFileReference; lastKnownFileType = sourcecode.swift; path = ToolDefinition.swift; sourceTree = "<group>"; };
		859B60323E11A5E910BF961A /* self-referral-clinics-sweden.json */ = {isa = PBXFileReference; lastKnownFileType = text.json; path = "self-referral-clinics-sweden.json"; sourceTree = "<group>"; };
		87961881B4A1E3B1327AD44D /* ForYouViewModel.swift */ = {isa = PBXFileReference; lastKnownFileType = sourcecode.swift; path = ForYouViewModel.swift; sourceTree = "<group>"; };
		8A67A5A760AEC759E2D04BE2 /* AgentMemory.swift */ = {isa = PBXFileReference; lastKnownFileType = sourcecode.swift; path = AgentMemory.swift; sourceTree = "<group>"; };
		8ACFF29B2C5132B668726FEC /* EntryCardView.swift */ = {isa = PBXFileReference; lastKnownFileType = sourcecode.swift; path = EntryCardView.swift; sourceTree = "<group>"; };
		8DE0A79A4CA679B89535E7FB /* HealthDataBrowserView.swift */ = {isa = PBXFileReference; lastKnownFileType = sourcecode.swift; path = HealthDataBrowserView.swift; sourceTree = "<group>"; };
		9648C3396E95DF705A8F727E /* HealthKitImportView.swift */ = {isa = PBXFileReference; lastKnownFileType = sourcecode.swift; path = HealthKitImportView.swift; sourceTree = "<group>"; };
		989386C8D86030A8B539D143 /* ActionsView.swift */ = {isa = PBXFileReference; lastKnownFileType = sourcecode.swift; path = ActionsView.swift; sourceTree = "<group>"; };
		9F90FD37A1F5782007EF4989 /* PromptVersion.swift */ = {isa = PBXFileReference; lastKnownFileType = sourcecode.swift; path = PromptVersion.swift; sourceTree = "<group>"; };
		A8BDAF9E392CFDC5898D1AA7 /* HealthDataExtractor.swift */ = {isa = PBXFileReference; lastKnownFileType = sourcecode.swift; path = HealthDataExtractor.swift; sourceTree = "<group>"; };
		A9E18FF2BCF455C0A49B038B /* ActionVoiceLabView.swift */ = {isa = PBXFileReference; lastKnownFileType = sourcecode.swift; path = ActionVoiceLabView.swift; sourceTree = "<group>"; };
		AE5CCD5E136F8474222C4DC6 /* ChatThread.swift */ = {isa = PBXFileReference; lastKnownFileType = sourcecode.swift; path = ChatThread.swift; sourceTree = "<group>"; };
		AF55DA44EE3743AC4DB87DED /* FindCareView.swift */ = {isa = PBXFileReference; lastKnownFileType = sourcecode.swift; path = FindCareView.swift; sourceTree = "<group>"; };
		B1CA8FE68F0C0F09A232BE32 /* AddPersonSheet.swift */ = {isa = PBXFileReference; lastKnownFileType = sourcecode.swift; path = AddPersonSheet.swift; sourceTree = "<group>"; };
		B33B9625F99E6780A6CC9B21 /* ProfileStore.swift */ = {isa = PBXFileReference; lastKnownFileType = sourcecode.swift; path = ProfileStore.swift; sourceTree = "<group>"; };
		B46E484C23AF332B0D081CEF /* AgentMemoryStore.swift */ = {isa = PBXFileReference; lastKnownFileType = sourcecode.swift; path = AgentMemoryStore.swift; sourceTree = "<group>"; };
		B507DC2490C495A0990D7AA6 /* ColorExtension.swift */ = {isa = PBXFileReference; lastKnownFileType = sourcecode.swift; path = ColorExtension.swift; sourceTree = "<group>"; };
		B53967D56CF2AFBD216E1586 /* HealthAction.swift */ = {isa = PBXFileReference; lastKnownFileType = sourcecode.swift; path = HealthAction.swift; sourceTree = "<group>"; };
		B8096E2A11C754D7BDA358B4 /* SettingsViewModel.swift */ = {isa = PBXFileReference; lastKnownFileType = sourcecode.swift; path = SettingsViewModel.swift; sourceTree = "<group>"; };
		B836B5D91462233049438F30 /* HealthActionGenerator.swift */ = {isa = PBXFileReference; lastKnownFileType = sourcecode.swift; path = HealthActionGenerator.swift; sourceTree = "<group>"; };
		B998537AC99341CF1C2D0D19 /* JournalView.swift */ = {isa = PBXFileReference; lastKnownFileType = sourcecode.swift; path = JournalView.swift; sourceTree = "<group>"; };
		BB360D1D5BBF139F5A3AA997 /* LocalLLMService.swift */ = {isa = PBXFileReference; lastKnownFileType = sourcecode.swift; path = LocalLLMService.swift; sourceTree = "<group>"; };
		BEDD79CD3F1023AEE60EFD1C /* ChatThreadStore.swift */ = {isa = PBXFileReference; lastKnownFileType = sourcecode.swift; path = ChatThreadStore.swift; sourceTree = "<group>"; };
		BF6490E8AFF5A86033ABE9B3 /* VoiceTranscriptionCoordinator.swift */ = {isa = PBXFileReference; lastKnownFileType = sourcecode.swift; path = VoiceTranscriptionCoordinator.swift; sourceTree = "<group>"; };
		C19D96044A03BA979D89DCD8 /* LLMProvider.swift */ = {isa = PBXFileReference; lastKnownFileType = sourcecode.swift; path = LLMProvider.swift; sourceTree = "<group>"; };
		C2420C4DEBEEE4DA345D5DBC /* ChatViewModel.swift */ = {isa = PBXFileReference; lastKnownFileType = sourcecode.swift; path = ChatViewModel.swift; sourceTree = "<group>"; };
		C4E40A4EAAF54FB04C1B750D /* WelcomeView.swift */ = {isa = PBXFileReference; lastKnownFileType = sourcecode.swift; path = WelcomeView.swift; sourceTree = "<group>"; };
		C841F863C754F6E65C76D14C /* EirViewer.app */ = {isa = PBXFileReference; includeInIndex = 0; lastKnownFileType = wrapper.application; path = EirViewer.app; sourceTree = BUILT_PRODUCTS_DIR; };
		CCED288BFC7AEA4BC087A84E /* AgentConfigCard.swift */ = {isa = PBXFileReference; lastKnownFileType = sourcecode.swift; path = AgentConfigCard.swift; sourceTree = "<group>"; };
		D2F4115FBB641F7CF33A000B /* PersonProfile.swift */ = {isa = PBXFileReference; lastKnownFileType = sourcecode.swift; path = PersonProfile.swift; sourceTree = "<group>"; };
		D52095FCCD63578C3345DDEE /* sample-data.yaml */ = {isa = PBXFileReference; lastKnownFileType = text.yaml; path = "sample-data.yaml"; sourceTree = "<group>"; };
		D52174202074B6F98FF6185A /* EntryDetailView.swift */ = {isa = PBXFileReference; lastKnownFileType = sourcecode.swift; path = EntryDetailView.swift; sourceTree = "<group>"; };
		D5F8FE8E9C075F8448EE3869 /* HealthActionScheduler.swift */ = {isa = PBXFileReference; lastKnownFileType = sourcecode.swift; path = HealthActionScheduler.swift; sourceTree = "<group>"; };
		D6B22A40C8A839BEEED37CD1 /* EirViewerApp.swift */ = {isa = PBXFileReference; lastKnownFileType = sourcecode.swift; path = EirViewerApp.swift; sourceTree = "<group>"; };
		D9BAE5A1EF5CFDF5848BFE3E /* LLMService.swift */ = {isa = PBXFileReference; lastKnownFileType = sourcecode.swift; path = LLMService.swift; sourceTree = "<group>"; };
		DA43867A7EA5302BF2DFD82E /* ActionVoiceTrainingService.swift */ = {isa = PBXFileReference; lastKnownFileType = sourcecode.swift; path = ActionVoiceTrainingService.swift; sourceTree = "<group>"; };
		DBAA95C2440DA6A917C26CB5 /* RecoveryActionOutcome.swift */ = {isa = PBXFileReference; lastKnownFileType = sourcecode.swift; path = RecoveryActionOutcome.swift; sourceTree = "<group>"; };
		DDDD9A98A16DE81625130468 /* EirParser.swift */ = {isa = PBXFileReference; lastKnownFileType = sourcecode.swift; path = EirParser.swift; sourceTree = "<group>"; };
		E267FFE9F575611F8CA1964E /* Assets.xcassets */ = {isa = PBXFileReference; lastKnownFileType = folder.assetcatalog; path = Assets.xcassets; sourceTree = "<group>"; };
		E46EF1E5504BFF059ECF64CC /* SystemPrompt.swift */ = {isa = PBXFileReference; lastKnownFileType = sourcecode.swift; path = SystemPrompt.swift; sourceTree = "<group>"; };
		E57B4022FB6A2DCEE81DD32E /* LocalTransferService.swift */ = {isa = PBXFileReference; lastKnownFileType = sourcecode.swift; path = LocalTransferService.swift; sourceTree = "<group>"; };
		EB1B2FB926C253E2C0C6EEC1 /* OnboardingView.swift */ = {isa = PBXFileReference; lastKnownFileType = sourcecode.swift; path = OnboardingView.swift; sourceTree = "<group>"; };
		EE3BFCA4C74FC9139915A4ED /* VoiceNoteAttachment.swift */ = {isa = PBXFileReference; lastKnownFileType = sourcecode.swift; path = VoiceNoteAttachment.swift; sourceTree = "<group>"; };
		EE50C9BE181F2E693BE17FF0 /* VoiceNoteTranscriptionService.swift */ = {isa = PBXFileReference; lastKnownFileType = sourcecode.swift; path = VoiceNoteTranscriptionService.swift; sourceTree = "<group>"; };
		F69371C2EFD97FBA6D9E4176 /* SelfReferralClinicSheet.swift */ = {isa = PBXFileReference; lastKnownFileType = sourcecode.swift; path = SelfReferralClinicSheet.swift; sourceTree = "<group>"; };
		F6A9F93311267A69E0084BD6 /* DocumentViewModel.swift */ = {isa = PBXFileReference; lastKnownFileType = sourcecode.swift; path = DocumentViewModel.swift; sourceTree = "<group>"; };
		F6AA80107E445F21C5E14336 /* Speech.framework */ = {isa = PBXFileReference; lastKnownFileType = wrapper.framework; name = Speech.framework; path = System/Library/Frameworks/Speech.framework; sourceTree = SDKROOT; };
		FCEF7290519C860F7514159C /* ActionSoundSessionEngine.swift */ = {isa = PBXFileReference; lastKnownFileType = sourcecode.swift; path = ActionSoundSessionEngine.swift; sourceTree = "<group>"; };
/* End PBXFileReference section */

/* Begin PBXFrameworksBuildPhase section */
		A247451640095DED93659325 /* Frameworks */ = {
			isa = PBXFrameworksBuildPhase;
			buildActionMask = 2147483647;
			files = (
				61894AFDA01B8EB911E173B8 /* Yams in Frameworks */,
			);
			runOnlyForDeploymentPostprocessing = 0;
		};
		F41C2401CE1D0BB8222EA25D /* Frameworks */ = {
			isa = PBXFrameworksBuildPhase;
			buildActionMask = 2147483647;
			files = (
				6DEA0CFA214C00DD21CE0047 /* Yams in Frameworks */,
				7E039A51B266CD38D090D288 /* MLXLMCommon in Frameworks */,
				D50F1EAFB087BAD39799BB27 /* MLXLLM in Frameworks */,
				6A68ECEDDDD1BF98820A64B1 /* MLXHuggingFace in Frameworks */,
				B1BF7912C6D4709B03E6D203 /* MLX in Frameworks */,
				442F40C9C5ABFE2D7FBE514A /* HuggingFace in Frameworks */,
				8E48EB72F2725CB769F4B39F /* Tokenizers in Frameworks */,
				6F2963E5566D72046E6C9E8C /* HealthKit.framework in Frameworks */,
				D5DB5FBC04E93591FB6EFC41 /* Speech.framework in Frameworks */,
			);
			runOnlyForDeploymentPostprocessing = 0;
		};
/* End PBXFrameworksBuildPhase section */

/* Begin PBXGroup section */
		1E462F60C9B8CDABE44A1679 /* Views */ = {
			isa = PBXGroup;
			children = (
				B1CA8FE68F0C0F09A232BE32 /* AddPersonSheet.swift */,
				340E673CE7624A453E343715 /* ContentView.swift */,
				60150BE0AF8CE3D99DB3C94E /* QRScannerView.swift */,
				C4E40A4EAAF54FB04C1B750D /* WelcomeView.swift */,
				8A4DB5E53AD8A29089EE4D10 /* Actions */,
				4C7F4C9FC9724C8CF13EFF2D /* Chat */,
				7CB47C75174067A76460A05F /* Components */,
				80D230ACD5CB4D424F3AAB5C /* FindCare */,
				9D58425CD5C67B5A3C87035A /* HealthData */,
				A465DF02CA6CDCC9E334952B /* HealthKit */,
				9760FC0E272AC3AAE6241C43 /* Journal */,
				C6CFA8519D519C2CEF2E3F80 /* Onboarding */,
				2F3F84C8533CF255A8E57CD3 /* Settings */,
			);
			path = Views;
			sourceTree = "<group>";
		};
		235C4E3941AAF11339A3FFC9 /* Frameworks */ = {
			isa = PBXGroup;
			children = (
				50DB1027E7C1FA9DD4B4165A /* HealthKit.framework */,
				F6AA80107E445F21C5E14336 /* Speech.framework */,
			);
			name = Frameworks;
			sourceTree = "<group>";
		};
		2F3F84C8533CF255A8E57CD3 /* Settings */ = {
			isa = PBXGroup;
			children = (
				CCED288BFC7AEA4BC087A84E /* AgentConfigCard.swift */,
				4A2B5A2EB7786BFABF5D0B05 /* SettingsView.swift */,
			);
			path = Settings;
			sourceTree = "<group>";
		};
		39D2604FC77993BAC4221FF6 /* Resources */ = {
			isa = PBXGroup;
			children = (
				E267FFE9F575611F8CA1964E /* Assets.xcassets */,
				D52095FCCD63578C3345DDEE /* sample-data.yaml */,
			);
			path = Resources;
			sourceTree = "<group>";
		};
		42966DCD76B045F37E9F991C /* Services */ = {
			isa = PBXGroup;
			children = (
				FCEF7290519C860F7514159C /* ActionSoundSessionEngine.swift */,
				DA43867A7EA5302BF2DFD82E /* ActionVoiceTrainingService.swift */,
				30F85BD291BABC62454B4DBB /* AgentDefaults.swift */,
				19396AF3111F422DB55B2DB8 /* AppleSpeechTranscriptionService.swift */,
				DDDD9A98A16DE81625130468 /* EirParser.swift */,
				0642B699BCEB214F64366D9D /* EncryptedStore.swift */,
				1506D53FEF543C5971628144 /* ForYouCardGenerator.swift */,
				B836B5D91462233049438F30 /* HealthActionGenerator.swift */,
				D5F8FE8E9C075F8448EE3869 /* HealthActionScheduler.swift */,
				A8BDAF9E392CFDC5898D1AA7 /* HealthDataExtractor.swift */,
				8150635BB2A535271C6E9DF6 /* HealthKitService.swift */,
				0EE8893CD2539AA24E8E0F0A /* HealthKitToEirConverter.swift */,
				72F39BB86C578A67730DA2E3 /* KeychainService.swift */,
				D9BAE5A1EF5CFDF5848BFE3E /* LLMService.swift */,
				BB360D1D5BBF139F5A3AA997 /* LocalLLMService.swift */,
				E57B4022FB6A2DCEE81DD32E /* LocalTransferService.swift */,
				7BB1D18AC057BB6BCF9BEF4D /* SelfReferralClinicCatalog.swift */,
				61A06AED6D22705FE8E8B891 /* SelfReferralClinicMatcher.swift */,
				30379ADF3F1C36729F598DA8 /* StateActionLearningEngine.swift */,
				E46EF1E5504BFF059ECF64CC /* SystemPrompt.swift */,
				7533EFA7AB708D1A74C75160 /* ToolRegistry.swift */,
				2E9B4EE3B86605F32741172D /* VoiceNotePlayer.swift */,
				289D41DC298A152E56FD349A /* VoiceNoteRecorder.swift */,
				EE50C9BE181F2E693BE17FF0 /* VoiceNoteTranscriptionService.swift */,
				BF6490E8AFF5A86033ABE9B3 /* VoiceTranscriptionCoordinator.swift */,
			);
			path = Services;
			sourceTree = "<group>";
		};
		4AF6FB4B480B124A8FB84297 /* EirViewer */ = {
			isa = PBXGroup;
			children = (
				D6B22A40C8A839BEEED37CD1 /* EirViewerApp.swift */,
				97FFED87925021F167DCF9E8 /* Models */,
				39D2604FC77993BAC4221FF6 /* Resources */,
				42966DCD76B045F37E9F991C /* Services */,
				A3FB36CB5DF278A77A2E3611 /* ViewModels */,
				1E462F60C9B8CDABE44A1679 /* Views */,
			);
			name = EirViewer;
			path = Sources/EirViewer;
			sourceTree = "<group>";
		};
		4C7F4C9FC9724C8CF13EFF2D /* Chat */ = {
			isa = PBXGroup;
			children = (
				66EE9E2EC4164E702159408C /* ChatBubbleView.swift */,
				14BAAC14014C60D244FFD006 /* ChatView.swift */,
				1747584B59A65BEDE4A45CCD /* ConversationListSheet.swift */,
				3FB3F018C828B97817906708 /* JournalEntryLink.swift */,
			);
			path = Chat;
			sourceTree = "<group>";
		};
		5E3C01FA3A9265D031441CA2 /* EirViewerTests */ = {
			isa = PBXGroup;
			children = (
				6FBB538AFDEEB8FD799CEF6A /* QRTransferFlowTests.swift */,
				53B5224AC43701680F835B69 /* SystemPromptEvalTests.swift */,
			);
			name = EirViewerTests;
			path = Tests/EirViewerTests;
			sourceTree = "<group>";
		};
		79BF8E4173F6F50C36CF10F9 /* Products */ = {
			isa = PBXGroup;
			children = (
				C841F863C754F6E65C76D14C /* EirViewer.app */,
				3CC134672B103B1CAD5367E6 /* EirViewerTests.xctest */,
			);
			name = Products;
			sourceTree = "<group>";
		};
		7CB47C75174067A76460A05F /* Components */ = {
			isa = PBXGroup;
			children = (
				0BB40951059FDE72D983CFB3 /* CategoryBadge.swift */,
				B507DC2490C495A0990D7AA6 /* ColorExtension.swift */,
				2ED4BE5CB76FCA26A278E762 /* FileShareViews.swift */,
				119A697A765510A595D89472 /* PersonRow.swift */,
				6FE6812C85D970222820AD6E /* VoiceNoteComposerSheet.swift */,
			);
			path = Components;
			sourceTree = "<group>";
		};
		80D230ACD5CB4D424F3AAB5C /* FindCare */ = {
			isa = PBXGroup;
			children = (
				AF55DA44EE3743AC4DB87DED /* FindCareView.swift */,
				F69371C2EFD97FBA6D9E4176 /* SelfReferralClinicSheet.swift */,
			);
			path = FindCare;
			sourceTree = "<group>";
		};
		8A4DB5E53AD8A29089EE4D10 /* Actions */ = {
			isa = PBXGroup;
			children = (
				989386C8D86030A8B539D143 /* ActionsView.swift */,
				A9E18FF2BCF455C0A49B038B /* ActionVoiceLabView.swift */,
			);
			path = Actions;
			sourceTree = "<group>";
		};
		921145A6F167E1A3E02D75CD /* Assessments */ = {
			isa = PBXGroup;
			children = (
				59721252F48174ED5E8AA17E /* health-assessments.yaml */,
			);
			path = Assessments;
			sourceTree = "<group>";
		};
		9760FC0E272AC3AAE6241C43 /* Journal */ = {
			isa = PBXGroup;
			children = (
				6179EFCCF40417D9B852E30D /* AssessmentsView.swift */,
				8ACFF29B2C5132B668726FEC /* EntryCardView.swift */,
				D52174202074B6F98FF6185A /* EntryDetailView.swift */,
				B998537AC99341CF1C2D0D19 /* JournalView.swift */,
				717B9133FB8214A39A67219B /* StateCheckInView.swift */,
			);
			path = Journal;
			sourceTree = "<group>";
		};
		97FFED87925021F167DCF9E8 /* Models */ = {
			isa = PBXGroup;
			children = (
				8A67A5A760AEC759E2D04BE2 /* AgentMemory.swift */,
				1D2235C2F4DCCC22A5119DAD /* CareSuggestion.swift */,
				06A7171AB56F25BA404CA5AB /* ChatMessage.swift */,
				AE5CCD5E136F8474222C4DC6 /* ChatThread.swift */,
				8434B44AEFD4017D0F72594F /* EirDocument.swift */,
				2A674C7371CB370B78831BBC /* ForYouCard.swift */,
				B53967D56CF2AFBD216E1586 /* HealthAction.swift */,
				C19D96044A03BA979D89DCD8 /* LLMProvider.swift */,
				D2F4115FBB641F7CF33A000B /* PersonProfile.swift */,
				9F90FD37A1F5782007EF4989 /* PromptVersion.swift */,
				DBAA95C2440DA6A917C26CB5 /* RecoveryActionOutcome.swift */,
				0EEF9FA0F2C843319C2D3F52 /* SelfReferralClinic.swift */,
				852E21C0DB4109191EEFD187 /* ToolDefinition.swift */,
				EE3BFCA4C74FC9139915A4ED /* VoiceNoteAttachment.swift */,
			);
			path = Models;
			sourceTree = "<group>";
		};
		9D58425CD5C67B5A3C87035A /* HealthData */ = {
			isa = PBXGroup;
			children = (
				8DE0A79A4CA679B89535E7FB /* HealthDataBrowserView.swift */,
			);
			path = HealthData;
			sourceTree = "<group>";
		};
		A3FB36CB5DF278A77A2E3611 /* ViewModels */ = {
			isa = PBXGroup;
			children = (
				54CBD79C71E9D27B6CC075B5 /* ActionsViewModel.swift */,
				B46E484C23AF332B0D081CEF /* AgentMemoryStore.swift */,
				BEDD79CD3F1023AEE60EFD1C /* ChatThreadStore.swift */,
				C2420C4DEBEEE4DA345D5DBC /* ChatViewModel.swift */,
				F6A9F93311267A69E0084BD6 /* DocumentViewModel.swift */,
				87961881B4A1E3B1327AD44D /* ForYouViewModel.swift */,
				68173D5B1D09C80059F229F7 /* HealthKitImportViewModel.swift */,
				78FD527F24390E7AC05D10D1 /* LocalModelManager.swift */,
				76D14D4702966D448A8CA8BE /* NextBestHealthActionViewModel.swift */,
				B33B9625F99E6780A6CC9B21 /* ProfileStore.swift */,
				0AD13C19109D4F1D1F11EC1C /* SelfReferralClinicStore.swift */,
				B8096E2A11C754D7BDA358B4 /* SettingsViewModel.swift */,
			);
			path = ViewModels;
			sourceTree = "<group>";
		};
		A465DF02CA6CDCC9E334952B /* HealthKit */ = {
			isa = PBXGroup;
			children = (
				9648C3396E95DF705A8F727E /* HealthKitImportView.swift */,
			);
			path = HealthKit;
			sourceTree = "<group>";
		};
		B5F2CF033B52BEBFE273568F /* Resources */ = {
			isa = PBXGroup;
			children = (
				859B60323E11A5E910BF961A /* self-referral-clinics-sweden.json */,
				921145A6F167E1A3E02D75CD /* Assessments */,
			);
			path = Resources;
			sourceTree = "<group>";
		};
		C6CFA8519D519C2CEF2E3F80 /* Onboarding */ = {
			isa = PBXGroup;
			children = (
				EB1B2FB926C253E2C0C6EEC1 /* OnboardingView.swift */,
			);
			path = Onboarding;
			sourceTree = "<group>";
		};
		F03CC8E902A92BE6E1537AF0 = {
			isa = PBXGroup;
			children = (
				4AF6FB4B480B124A8FB84297 /* EirViewer */,
				5E3C01FA3A9265D031441CA2 /* EirViewerTests */,
				B5F2CF033B52BEBFE273568F /* Resources */,
				235C4E3941AAF11339A3FFC9 /* Frameworks */,
				79BF8E4173F6F50C36CF10F9 /* Products */,
			);
			sourceTree = "<group>";
		};
/* End PBXGroup section */

/* Begin PBXNativeTarget section */
		0B5E9F64F26624E9BDB8B5A1 /* EirViewer */ = {
			isa = PBXNativeTarget;
			buildConfigurationList = 5D65913315536B116AA5E425 /* Build configuration list for PBXNativeTarget "EirViewer" */;
			buildPhases = (
				B02CBB1CEED8FC1A3D70C50E /* Sources */,
				A67DC3D4EBCAB19FFAA10094 /* Resources */,
				F41C2401CE1D0BB8222EA25D /* Frameworks */,
			);
			buildRules = (
			);
			dependencies = (
			);
			name = EirViewer;
			packageProductDependencies = (
				9392CA25F8B28A447679F331 /* Yams */,
				F5EEA1ADC15ECA536512B4B7 /* MLXLMCommon */,
				C87CDCC4773E86F931FCFE2A /* MLXLLM */,
				E01FA90F6D6615BAA47E2B61 /* MLXHuggingFace */,
				034BC3C922F5543C5E63B4C6 /* MLX */,
				ADA19A73E5F4591556183B40 /* HuggingFace */,
				7022EFB9AAF98BDEEDBBF706 /* Tokenizers */,
			);
			productName = EirViewer;
			productReference = C841F863C754F6E65C76D14C /* EirViewer.app */;
			productType = "com.apple.product-type.application";
		};
		893388F5AD3E03AF0E538805 /* EirViewerTests */ = {
			isa = PBXNativeTarget;
			buildConfigurationList = 108A8D1C3A3FE215FC7E6F4E /* Build configuration list for PBXNativeTarget "EirViewerTests" */;
			buildPhases = (
				320825F4FDC6821389139B2F /* Sources */,
				A247451640095DED93659325 /* Frameworks */,
			);
			buildRules = (
			);
			dependencies = (
				FD3D253EF26E87103E562A30 /* PBXTargetDependency */,
			);
			name = EirViewerTests;
			packageProductDependencies = (
				BBA73EAFCA7F8D248F80F1C0 /* Yams */,
			);
			productName = EirViewerTests;
			productReference = 3CC134672B103B1CAD5367E6 /* EirViewerTests.xctest */;
			productType = "com.apple.product-type.bundle.unit-test";
		};
/* End PBXNativeTarget section */

/* Begin PBXProject section */
		DD9B46116A4C7320217C8985 /* Project object */ = {
			isa = PBXProject;
			attributes = {
				BuildIndependentTargetsInParallel = YES;
				LastUpgradeCheck = 1600;
				TargetAttributes = {
					0B5E9F64F26624E9BDB8B5A1 = {
						DevelopmentTeam = YJ9A3JT299;
						ProvisioningStyle = Automatic;
					};
				};
			};
			buildConfigurationList = 39E720AC1FF264EF4133F12F /* Build configuration list for PBXProject "EirViewer" */;
			compatibilityVersion = "Xcode 14.0";
			developmentRegion = en;
			hasScannedForEncodings = 0;
			knownRegions = (
				Base,
				en,
			);
			mainGroup = F03CC8E902A92BE6E1537AF0;
			minimizedProjectReferenceProxies = 1;
			packageReferences = (
				6B71FA9CFB22B9E8525BB5BF /* XCRemoteSwiftPackageReference "Yams" */,
				4A0CF45F71A711C8E89CBDCF /* XCRemoteSwiftPackageReference "mlx-swift" */,
				F026A5B780777D9C4858F479 /* XCRemoteSwiftPackageReference "mlx-swift-lm" */,
				0068D7EB5516E2F219EB9352 /* XCRemoteSwiftPackageReference "swift-huggingface" */,
				8C0C3A5028DD9AA984815299 /* XCRemoteSwiftPackageReference "swift-transformers" */,
			);
			preferredProjectObjectVersion = 77;
			projectDirPath = "";
			projectRoot = "";
			targets = (
				0B5E9F64F26624E9BDB8B5A1 /* EirViewer */,
				893388F5AD3E03AF0E538805 /* EirViewerTests */,
			);
		};
/* End PBXProject section */

/* Begin PBXResourcesBuildPhase section */
		A67DC3D4EBCAB19FFAA10094 /* Resources */ = {
			isa = PBXResourcesBuildPhase;
			buildActionMask = 2147483647;
			files = (
				1221031EA0219A3FA8B2A6B5 /* Assets.xcassets in Resources */,
				6F9BCD153DA2D1924FB48108 /* health-assessments.yaml in Resources */,
				5BB9A1AA0662BAADD8318593 /* sample-data.yaml in Resources */,
				69B1E8CECA7ABE10058AEF5C /* self-referral-clinics-sweden.json in Resources */,
			);
			runOnlyForDeploymentPostprocessing = 0;
		};
/* End PBXResourcesBuildPhase section */

/* Begin PBXSourcesBuildPhase section */
		320825F4FDC6821389139B2F /* Sources */ = {
			isa = PBXSourcesBuildPhase;
			buildActionMask = 2147483647;
			files = (
				913B76B784FD4CB55B6385C4 /* QRTransferFlowTests.swift in Sources */,
				3E2D05F86A0E4E06282AFD27 /* SystemPromptEvalTests.swift in Sources */,
			);
			runOnlyForDeploymentPostprocessing = 0;
		};
		B02CBB1CEED8FC1A3D70C50E /* Sources */ = {
			isa = PBXSourcesBuildPhase;
			buildActionMask = 2147483647;
			files = (
				0A921E664BEFF0AABDAE9454 /* ActionSoundSessionEngine.swift in Sources */,
				957EA466B04F1EAFCF3DB1E5 /* ActionVoiceLabView.swift in Sources */,
				A7A9AEED063D717DA279760F /* ActionVoiceTrainingService.swift in Sources */,
				E451DD80A66291F6C64F9625 /* ActionsView.swift in Sources */,
				5E5C4EF38D35826A7A73C240 /* ActionsViewModel.swift in Sources */,
				F202DCA58446BE68487F7D7C /* AddPersonSheet.swift in Sources */,
				B4117C40077D7E12E35BA93D /* AgentConfigCard.swift in Sources */,
				79495FD4216EE0E46C0E58AF /* AgentDefaults.swift in Sources */,
				FAAF03C135FA6196A229F224 /* AgentMemory.swift in Sources */,
				D798E5C3A18ED55C592F4672 /* AgentMemoryStore.swift in Sources */,
				FFD55003553E8EA8D29DC0A0 /* AppleSpeechTranscriptionService.swift in Sources */,
				7A4FDC33ADB27985B8A2E140 /* AssessmentsView.swift in Sources */,
				24A4D2946B8C9E8C527A8437 /* CareSuggestion.swift in Sources */,
				CC1B91744F3AD79993D57044 /* CategoryBadge.swift in Sources */,
				1AE8EE2BF8A9B6751CBFB21E /* ChatBubbleView.swift in Sources */,
				85B604502C498F68DA68BAD7 /* ChatMessage.swift in Sources */,
				B9AF4343469CC22C7DDD233A /* ChatThread.swift in Sources */,
				14615AA1C2F9F832CF337DD8 /* ChatThreadStore.swift in Sources */,
				B647EFAE5C04335E4FA218B3 /* ChatView.swift in Sources */,
				3FF23216CD5FDD5C7639C22E /* ChatViewModel.swift in Sources */,
				1A4FD6BA76079E193919115E /* ColorExtension.swift in Sources */,
				1FD98DC080579097543C0268 /* ContentView.swift in Sources */,
				2393589910298083AE0E1802 /* ConversationListSheet.swift in Sources */,
				A596E9A9FD380B1BA68FE2E4 /* DocumentViewModel.swift in Sources */,
				643F5195244E6ED2119F2079 /* EirDocument.swift in Sources */,
				E64000690918BE4CB3D434B1 /* EirParser.swift in Sources */,
				ECB4318B162C32AE0D5516C9 /* EirViewerApp.swift in Sources */,
				DF9EB9E13118F54F4B2D3615 /* EncryptedStore.swift in Sources */,
				7D4EA8DB5B988BF2795556B8 /* EntryCardView.swift in Sources */,
				DE5D9699E48C9139BD211C6B /* EntryDetailView.swift in Sources */,
				1B5C8F81585AC3EBE6A931C8 /* FileShareViews.swift in Sources */,
				817748AA612340524A3117FE /* FindCareView.swift in Sources */,
				E305D7EA53AAECBF466A9B84 /* ForYouCard.swift in Sources */,
				896A8BD57D607DEAA95FCE55 /* ForYouCardGenerator.swift in Sources */,
				F250CC154605EF13A465A0EC /* ForYouViewModel.swift in Sources */,
				47D5D30C92775FECA4ED1E25 /* HealthAction.swift in Sources */,
				FD138F81380B7E80878F2622 /* HealthActionGenerator.swift in Sources */,
				ADD0986EC7DAC34E846FE7DB /* HealthActionScheduler.swift in Sources */,
				C0E4A3FFCEB5DE03B98BAA34 /* HealthDataBrowserView.swift in Sources */,
				B12F24DE6232CED1EEAFF0C7 /* HealthDataExtractor.swift in Sources */,
				EFFC959FC5D20D13266AC9C4 /* HealthKitImportView.swift in Sources */,
				6F746D788D7651899065FACA /* HealthKitImportViewModel.swift in Sources */,
				3FF47E8B50B02EE8841909DF /* HealthKitService.swift in Sources */,
				4F489AF663309610DD135379 /* HealthKitToEirConverter.swift in Sources */,
				FE8B61C82F8D58EBB7A6D702 /* JournalEntryLink.swift in Sources */,
				722550FD89EE4EB0B6FA8A28 /* JournalView.swift in Sources */,
				E43DFADD4055A186F02FE741 /* KeychainService.swift in Sources */,
				694DDE62F042C5C273B391D6 /* LLMProvider.swift in Sources */,
				4E43A61C4051ED03205A578E /* LLMService.swift in Sources */,
				6CA3F6F906A6F95E7A3C2FD2 /* LocalLLMService.swift in Sources */,
				5D0B33E61917258631F387F9 /* LocalModelManager.swift in Sources */,
				F7CB4449387C4830A142EEA6 /* LocalTransferService.swift in Sources */,
				82119577800F83BC85E9457E /* NextBestHealthActionViewModel.swift in Sources */,
				2674A9D3ACC4CD9FB87828E7 /* OnboardingView.swift in Sources */,
				CDBAA28BDE6379C2029DDFB8 /* PersonProfile.swift in Sources */,
				BFDDBE2A9C9EBDCA99D4FE42 /* PersonRow.swift in Sources */,
				4BB23ECD3576FECFE19B1374 /* ProfileStore.swift in Sources */,
				E191DB777526A5AF21AB8FAA /* PromptVersion.swift in Sources */,
				0729414753A53850AB7E656C /* QRScannerView.swift in Sources */,
				C4C9B9DE4F960FB63B8940A8 /* RecoveryActionOutcome.swift in Sources */,
				A8DF34CBEA259B33B5D5C236 /* SelfReferralClinic.swift in Sources */,
				0C98B4762748F5324E697914 /* SelfReferralClinicCatalog.swift in Sources */,
				7A59F88B2E5C9A76C5C11264 /* SelfReferralClinicMatcher.swift in Sources */,
				249025EB0CF80922B535973B /* SelfReferralClinicSheet.swift in Sources */,
				CA1DD31769DC693D62E28C34 /* SelfReferralClinicStore.swift in Sources */,
				A5C90FF6130BCADCE0F364FB /* SettingsView.swift in Sources */,
				F3024E6E4DDE49DDE6E4D6E9 /* SettingsViewModel.swift in Sources */,
				5CB07E8267AE64D1869CB9EF /* StateActionLearningEngine.swift in Sources */,
				F8578FD98BF8E9834F5C11B9 /* StateCheckInView.swift in Sources */,
				F10040CD48102747C6205BFC /* SystemPrompt.swift in Sources */,
				2DCC2FCEA199132399686983 /* ToolDefinition.swift in Sources */,
				468C6D68209A69E16056FC91 /* ToolRegistry.swift in Sources */,
				E6FBDEA1859A3A382DC39B48 /* VoiceNoteAttachment.swift in Sources */,
				0F79B172FFCD6FB1AE1FAD6B /* VoiceNoteComposerSheet.swift in Sources */,
				11E91E4BE1C61D9D5807B161 /* VoiceNotePlayer.swift in Sources */,
				741F09AF3A22F20C773C903E /* VoiceNoteRecorder.swift in Sources */,
				75259EE3D558E83F7D83C6DC /* VoiceNoteTranscriptionService.swift in Sources */,
				7E53316301704163DB0E6782 /* VoiceTranscriptionCoordinator.swift in Sources */,
				626524B46041F197D22A4FC4 /* WelcomeView.swift in Sources */,
			);
			runOnlyForDeploymentPostprocessing = 0;
		};
/* End PBXSourcesBuildPhase section */

/* Begin PBXTargetDependency section */
		FD3D253EF26E87103E562A30 /* PBXTargetDependency */ = {
			isa = PBXTargetDependency;
			target = 0B5E9F64F26624E9BDB8B5A1 /* EirViewer */;
			targetProxy = 63FCFE480EA49240F656BEB5 /* PBXContainerItemProxy */;
		};
/* End PBXTargetDependency section */

/* Begin XCBuildConfiguration section */
		00BE05B3DD933C3A8D790FB6 /* Release */ = {
			isa = XCBuildConfiguration;
			buildSettings = {
				BUNDLE_LOADER = "$(TEST_HOST)";
				GENERATE_INFOPLIST_FILE = YES;
				LD_RUNPATH_SEARCH_PATHS = (
					"$(inherited)",
					"@executable_path/Frameworks",
					"@loader_path/Frameworks",
				);
				PRODUCT_BUNDLE_IDENTIFIER = com.eir.EirViewerTests;
				SDKROOT = iphoneos;
				SWIFT_VERSION = 5.9;
				TARGETED_DEVICE_FAMILY = "1,2";
				TEST_HOST = "$(BUILT_PRODUCTS_DIR)/EirViewer.app/EirViewer";
			};
			name = Release;
		};
		434114B9CFEE992CB7447440 /* Debug */ = {
			isa = XCBuildConfiguration;
			buildSettings = {
				ASSETCATALOG_COMPILER_APPICON_NAME = AppIcon;
				CODE_SIGN_ENTITLEMENTS = EirViewer.entitlements;
				CODE_SIGN_IDENTITY = "iPhone Developer";
				CODE_SIGN_STYLE = Automatic;
				CURRENT_PROJECT_VERSION = 1;
				DEVELOPMENT_TEAM = YJ9A3JT299;
				INFOPLIST_FILE = Info.plist;
				INFOPLIST_KEY_NSMicrophoneUsageDescription = "Eir uses the microphone so you can dictate questions and notes for AI assistance.";
				INFOPLIST_KEY_NSSpeechRecognitionUsageDescription = "Eir uses speech recognition to turn voice check-ins into text.";
				LD_RUNPATH_SEARCH_PATHS = (
					"$(inherited)",
					"@executable_path/Frameworks",
				);
				MARKETING_VERSION = 1.0.4;
				PRODUCT_BUNDLE_IDENTIFIER = com.eir.viewer;
				SDKROOT = iphoneos;
				SWIFT_VERSION = 5.9;
				TARGETED_DEVICE_FAMILY = "1,2";
			};
			name = Debug;
		};
		56D7B177A31CFF298C76F56A /* Debug */ = {
			isa = XCBuildConfiguration;
			buildSettings = {
				ALWAYS_SEARCH_USER_PATHS = NO;
				CLANG_ANALYZER_NONNULL = YES;
				CLANG_ANALYZER_NUMBER_OBJECT_CONVERSION = YES_AGGRESSIVE;
				CLANG_CXX_LANGUAGE_STANDARD = "gnu++14";
				CLANG_CXX_LIBRARY = "libc++";
				CLANG_ENABLE_MODULES = YES;
				CLANG_ENABLE_OBJC_ARC = YES;
				CLANG_ENABLE_OBJC_WEAK = YES;
				CLANG_WARN_BLOCK_CAPTURE_AUTORELEASING = YES;
				CLANG_WARN_BOOL_CONVERSION = YES;
				CLANG_WARN_COMMA = YES;
				CLANG_WARN_CONSTANT_CONVERSION = YES;
				CLANG_WARN_DEPRECATED_OBJC_IMPLEMENTATIONS = YES;
				CLANG_WARN_DIRECT_OBJC_ISA_USAGE = YES_ERROR;
				CLANG_WARN_DOCUMENTATION_COMMENTS = YES;
				CLANG_WARN_EMPTY_BODY = YES;
				CLANG_WARN_ENUM_CONVERSION = YES;
				CLANG_WARN_INFINITE_RECURSION = YES;
				CLANG_WARN_INT_CONVERSION = YES;
				CLANG_WARN_NON_LITERAL_NULL_CONVERSION = YES;
				CLANG_WARN_OBJC_IMPLICIT_RETAIN_SELF = YES;
				CLANG_WARN_OBJC_LITERAL_CONVERSION = YES;
				CLANG_WARN_OBJC_ROOT_CLASS = YES_ERROR;
				CLANG_WARN_QUOTED_INCLUDE_IN_FRAMEWORK_HEADER = YES;
				CLANG_WARN_RANGE_LOOP_ANALYSIS = YES;
				CLANG_WARN_STRICT_PROTOTYPES = YES;
				CLANG_WARN_SUSPICIOUS_MOVE = YES;
				CLANG_WARN_UNGUARDED_AVAILABILITY = YES_AGGRESSIVE;
				CLANG_WARN_UNREACHABLE_CODE = YES;
				CLANG_WARN__DUPLICATE_METHOD_MATCH = YES;
				COPY_PHASE_STRIP = NO;
				DEBUG_INFORMATION_FORMAT = dwarf;
				ENABLE_STRICT_OBJC_MSGSEND = YES;
				ENABLE_TESTABILITY = YES;
				GCC_C_LANGUAGE_STANDARD = gnu11;
				GCC_DYNAMIC_NO_PIC = NO;
				GCC_NO_COMMON_BLOCKS = YES;
				GCC_OPTIMIZATION_LEVEL = 0;
				GCC_PREPROCESSOR_DEFINITIONS = (
					"$(inherited)",
					"DEBUG=1",
				);
				GCC_WARN_64_TO_32_BIT_CONVERSION = YES;
				GCC_WARN_ABOUT_RETURN_TYPE = YES_ERROR;
				GCC_WARN_UNDECLARED_SELECTOR = YES;
				GCC_WARN_UNINITIALIZED_AUTOS = YES_AGGRESSIVE;
				GCC_WARN_UNUSED_FUNCTION = YES;
				GCC_WARN_UNUSED_VARIABLE = YES;
				IPHONEOS_DEPLOYMENT_TARGET = 17.0;
				MTL_ENABLE_DEBUG_INFO = INCLUDE_SOURCE;
				MTL_FAST_MATH = YES;
				ONLY_ACTIVE_ARCH = YES;
				PRODUCT_NAME = "$(TARGET_NAME)";
				SDKROOT = iphoneos;
				SWIFT_ACTIVE_COMPILATION_CONDITIONS = DEBUG;
				SWIFT_OPTIMIZATION_LEVEL = "-Onone";
				SWIFT_VERSION = 5.0;
			};
			name = Debug;
		};
		607D46E75F7EA6570BEC7DA3 /* Release */ = {
			isa = XCBuildConfiguration;
			buildSettings = {
				ALWAYS_SEARCH_USER_PATHS = NO;
				CLANG_ANALYZER_NONNULL = YES;
				CLANG_ANALYZER_NUMBER_OBJECT_CONVERSION = YES_AGGRESSIVE;
				CLANG_CXX_LANGUAGE_STANDARD = "gnu++14";
				CLANG_CXX_LIBRARY = "libc++";
				CLANG_ENABLE_MODULES = YES;
				CLANG_ENABLE_OBJC_ARC = YES;
				CLANG_ENABLE_OBJC_WEAK = YES;
				CLANG_WARN_BLOCK_CAPTURE_AUTORELEASING = YES;
				CLANG_WARN_BOOL_CONVERSION = YES;
				CLANG_WARN_COMMA = YES;
				CLANG_WARN_CONSTANT_CONVERSION = YES;
				CLANG_WARN_DEPRECATED_OBJC_IMPLEMENTATIONS = YES;
				CLANG_WARN_DIRECT_OBJC_ISA_USAGE = YES_ERROR;
				CLANG_WARN_DOCUMENTATION_COMMENTS = YES;
				CLANG_WARN_EMPTY_BODY = YES;
				CLANG_WARN_ENUM_CONVERSION = YES;
				CLANG_WARN_INFINITE_RECURSION = YES;
				CLANG_WARN_INT_CONVERSION = YES;
				CLANG_WARN_NON_LITERAL_NULL_CONVERSION = YES;
				CLANG_WARN_OBJC_IMPLICIT_RETAIN_SELF = YES;
				CLANG_WARN_OBJC_LITERAL_CONVERSION = YES;
				CLANG_WARN_OBJC_ROOT_CLASS = YES_ERROR;
				CLANG_WARN_QUOTED_INCLUDE_IN_FRAMEWORK_HEADER = YES;
				CLANG_WARN_RANGE_LOOP_ANALYSIS = YES;
				CLANG_WARN_STRICT_PROTOTYPES = YES;
				CLANG_WARN_SUSPICIOUS_MOVE = YES;
				CLANG_WARN_UNGUARDED_AVAILABILITY = YES_AGGRESSIVE;
				CLANG_WARN_UNREACHABLE_CODE = YES;
				CLANG_WARN__DUPLICATE_METHOD_MATCH = YES;
				COPY_PHASE_STRIP = NO;
				DEBUG_INFORMATION_FORMAT = "dwarf-with-dsym";
				ENABLE_NS_ASSERTIONS = NO;
				ENABLE_STRICT_OBJC_MSGSEND = YES;
				GCC_C_LANGUAGE_STANDARD = gnu11;
				GCC_NO_COMMON_BLOCKS = YES;
				GCC_WARN_64_TO_32_BIT_CONVERSION = YES;
				GCC_WARN_ABOUT_RETURN_TYPE = YES_ERROR;
				GCC_WARN_UNDECLARED_SELECTOR = YES;
				GCC_WARN_UNINITIALIZED_AUTOS = YES_AGGRESSIVE;
				GCC_WARN_UNUSED_FUNCTION = YES;
				GCC_WARN_UNUSED_VARIABLE = YES;
				IPHONEOS_DEPLOYMENT_TARGET = 17.0;
				MTL_ENABLE_DEBUG_INFO = NO;
				MTL_FAST_MATH = YES;
				PRODUCT_NAME = "$(TARGET_NAME)";
				SDKROOT = iphoneos;
				SWIFT_COMPILATION_MODE = wholemodule;
				SWIFT_OPTIMIZATION_LEVEL = "-O";
				SWIFT_VERSION = 5.0;
			};
			name = Release;
		};
		A7C95597A69B2D5367BCDFE0 /* Debug */ = {
			isa = XCBuildConfiguration;
			buildSettings = {
				BUNDLE_LOADER = "$(TEST_HOST)";
				GENERATE_INFOPLIST_FILE = YES;
				LD_RUNPATH_SEARCH_PATHS = (
					"$(inherited)",
					"@executable_path/Frameworks",
					"@loader_path/Frameworks",
				);
				PRODUCT_BUNDLE_IDENTIFIER = com.eir.EirViewerTests;
				SDKROOT = iphoneos;
				SWIFT_VERSION = 5.9;
				TARGETED_DEVICE_FAMILY = "1,2";
				TEST_HOST = "$(BUILT_PRODUCTS_DIR)/EirViewer.app/EirViewer";
			};
			name = Debug;
		};
		EB9CD4ED9AADA848C3A5530F /* Release */ = {
			isa = XCBuildConfiguration;
			buildSettings = {
				ASSETCATALOG_COMPILER_APPICON_NAME = AppIcon;
				CODE_SIGN_ENTITLEMENTS = EirViewer.entitlements;
				CODE_SIGN_IDENTITY = "iPhone Developer";
				CODE_SIGN_STYLE = Automatic;
				CURRENT_PROJECT_VERSION = 1;
				DEVELOPMENT_TEAM = YJ9A3JT299;
				INFOPLIST_FILE = Info.plist;
				INFOPLIST_KEY_NSMicrophoneUsageDescription = "Eir uses the microphone so you can dictate questions and notes for AI assistance.";
				INFOPLIST_KEY_NSSpeechRecognitionUsageDescription = "Eir uses speech recognition to turn voice check-ins into text.";
				LD_RUNPATH_SEARCH_PATHS = (
					"$(inherited)",
					"@executable_path/Frameworks",
				);
				MARKETING_VERSION = 1.0.4;
				PRODUCT_BUNDLE_IDENTIFIER = com.eir.viewer;
				SDKROOT = iphoneos;
				SWIFT_VERSION = 5.9;
				TARGETED_DEVICE_FAMILY = "1,2";
			};
			name = Release;
		};
/* End XCBuildConfiguration section */

/* Begin XCConfigurationList section */
		108A8D1C3A3FE215FC7E6F4E /* Build configuration list for PBXNativeTarget "EirViewerTests" */ = {
			isa = XCConfigurationList;
			buildConfigurations = (
				A7C95597A69B2D5367BCDFE0 /* Debug */,
				00BE05B3DD933C3A8D790FB6 /* Release */,
			);
			defaultConfigurationIsVisible = 0;
			defaultConfigurationName = Debug;
		};
		39E720AC1FF264EF4133F12F /* Build configuration list for PBXProject "EirViewer" */ = {
			isa = XCConfigurationList;
			buildConfigurations = (
				56D7B177A31CFF298C76F56A /* Debug */,
				607D46E75F7EA6570BEC7DA3 /* Release */,
			);
			defaultConfigurationIsVisible = 0;
			defaultConfigurationName = Debug;
		};
		5D65913315536B116AA5E425 /* Build configuration list for PBXNativeTarget "EirViewer" */ = {
			isa = XCConfigurationList;
			buildConfigurations = (
				434114B9CFEE992CB7447440 /* Debug */,
				EB9CD4ED9AADA848C3A5530F /* Release */,
			);
			defaultConfigurationIsVisible = 0;
			defaultConfigurationName = Debug;
		};
/* End XCConfigurationList section */

/* Begin XCRemoteSwiftPackageReference section */
		0068D7EB5516E2F219EB9352 /* XCRemoteSwiftPackageReference "swift-huggingface" */ = {
			isa = XCRemoteSwiftPackageReference;
			repositoryURL = "https://github.com/huggingface/swift-huggingface";
			requirement = {
				branch = main;
				kind = branch;
			};
		};
		4A0CF45F71A711C8E89CBDCF /* XCRemoteSwiftPackageReference "mlx-swift" */ = {
			isa = XCRemoteSwiftPackageReference;
			repositoryURL = "https://github.com/ml-explore/mlx-swift";
			requirement = {
				kind = upToNextMajorVersion;
				minimumVersion = 0.30.6;
			};
		};
		6B71FA9CFB22B9E8525BB5BF /* XCRemoteSwiftPackageReference "Yams" */ = {
			isa = XCRemoteSwiftPackageReference;
			repositoryURL = "https://github.com/jpsim/Yams.git";
			requirement = {
				kind = upToNextMajorVersion;
				minimumVersion = 5.0.0;
			};
		};
		8C0C3A5028DD9AA984815299 /* XCRemoteSwiftPackageReference "swift-transformers" */ = {
			isa = XCRemoteSwiftPackageReference;
			repositoryURL = "https://github.com/huggingface/swift-transformers";
			requirement = {
				branch = main;
				kind = branch;
			};
		};
		F026A5B780777D9C4858F479 /* XCRemoteSwiftPackageReference "mlx-swift-lm" */ = {
			isa = XCRemoteSwiftPackageReference;
			repositoryURL = "https://github.com/ml-explore/mlx-swift-lm";
			requirement = {
				kind = revision;
				revision = 68b82ece72d41c02170a1aa28dbbc2d36678e924;
			};
		};
/* End XCRemoteSwiftPackageReference section */

/* Begin XCSwiftPackageProductDependency section */
		034BC3C922F5543C5E63B4C6 /* MLX */ = {
			isa = XCSwiftPackageProductDependency;
			package = 4A0CF45F71A711C8E89CBDCF /* XCRemoteSwiftPackageReference "mlx-swift" */;
			productName = MLX;
		};
		7022EFB9AAF98BDEEDBBF706 /* Tokenizers */ = {
			isa = XCSwiftPackageProductDependency;
			package = 8C0C3A5028DD9AA984815299 /* XCRemoteSwiftPackageReference "swift-transformers" */;
			productName = Tokenizers;
		};
		9392CA25F8B28A447679F331 /* Yams */ = {
			isa = XCSwiftPackageProductDependency;
			package = 6B71FA9CFB22B9E8525BB5BF /* XCRemoteSwiftPackageReference "Yams" */;
			productName = Yams;
		};
		ADA19A73E5F4591556183B40 /* HuggingFace */ = {
			isa = XCSwiftPackageProductDependency;
			package = 0068D7EB5516E2F219EB9352 /* XCRemoteSwiftPackageReference "swift-huggingface" */;
			productName = HuggingFace;
		};
		BBA73EAFCA7F8D248F80F1C0 /* Yams */ = {
			isa = XCSwiftPackageProductDependency;
			package = 6B71FA9CFB22B9E8525BB5BF /* XCRemoteSwiftPackageReference "Yams" */;
			productName = Yams;
		};
		C87CDCC4773E86F931FCFE2A /* MLXLLM */ = {
			isa = XCSwiftPackageProductDependency;
			package = F026A5B780777D9C4858F479 /* XCRemoteSwiftPackageReference "mlx-swift-lm" */;
			productName = MLXLLM;
		};
		E01FA90F6D6615BAA47E2B61 /* MLXHuggingFace */ = {
			isa = XCSwiftPackageProductDependency;
			package = F026A5B780777D9C4858F479 /* XCRemoteSwiftPackageReference "mlx-swift-lm" */;
			productName = MLXHuggingFace;
		};
		F5EEA1ADC15ECA536512B4B7 /* MLXLMCommon */ = {
			isa = XCSwiftPackageProductDependency;
			package = F026A5B780777D9C4858F479 /* XCRemoteSwiftPackageReference "mlx-swift-lm" */;
			productName = MLXLMCommon;
		};
/* End XCSwiftPackageProductDependency section */
	};
	rootObject = DD9B46116A4C7320217C8985 /* Project object */;
}
